
Microsoft Visual Studio Solution File, Format Version 12.00
Project("{FAE04EC0-301F-11D3-BF4B-00C04F79EFBC}") = "AdventOfCodeDay5", "AdventOfCodeDay5\AdventOfCodeDay5.csproj", "{F8263F24-59A0-4281-824D-992AE78352E6}"
EndProject
Project("{FAE04EC0-301F-11D3-BF4B-00C04F79EFBC}") = "AdventOfCodeDay5.Tests", "..\test\AdventOfCodeDay5.Tests\AdventOfCodeDay5.Tests.csproj", "{4DAE1531-5B68-495E-AFA7-F603C1155F1F}"
EndProject
Global
	GlobalSection(SolutionConfigurationPlatforms) = preSolution
		Debug|Any CPU = Debug|Any CPU
		Release|Any CPU = Release|Any CPU
	EndGlobalSection
	GlobalSection(ProjectConfigurationPlatforms) = postSolution
		{F8263F24-59A0-4281-824D-992AE78352E6}.Debug|Any CPU.ActiveCfg = Debug|Any CPU
		{F8263F24-59A0-4281-824D-992AE78352E6}.Debug|Any CPU.Build.0 = Debug|Any CPU
		{F8263F24-59A0-4281-824D-992AE78352E6}.Release|Any CPU.ActiveCfg = Release|Any CPU
		{F8263F24-59A0-4281-824D-992AE78352E6}.Release|Any CPU.Build.0 = Release|Any CPU
		{4DAE1531-5B68-495E-AFA7-F603C1155F1F}.Debug|Any CPU.ActiveCfg = Debug|Any CPU
		{4DAE1531-5B68-495E-AFA7-F603C1155F1F}.Debug|Any CPU.Build.0 = Debug|Any CPU
		{4DAE1531-5B68-495E-AFA7-F603C1155F1F}.Release|Any CPU.ActiveCfg = Release|Any CPU
		{4DAE1531-5B68-495E-AFA7-F603C1155F1F}.Release|Any CPU.Build.0 = Release|Any CPU
	EndGlobalSection
EndGlobal
