
Microsoft Visual Studio Solution File, Format Version 12.00
# Visual Studio Version 16
VisualStudioVersion = 16.0.30621.155
MinimumVisualStudioVersion = 10.0.40219.1
Project("{FAE04EC0-301F-11D3-BF4B-00C04F79EFBC}") = "Day 10", "Day 10\Day 10.csproj", "{65505473-9792-448E-835F-F8889471EEDE}"
EndProject
Global
	GlobalSection(SolutionConfigurationPlatforms) = preSolution
		Debug|Any CPU = Debug|Any CPU
		Release|Any CPU = Release|Any CPU
	EndGlobalSection
	GlobalSection(ProjectConfigurationPlatforms) = postSolution
		{65505473-9792-448E-835F-F8889471EEDE}.Debug|Any CPU.ActiveCfg = Debug|Any CPU
		{65505473-9792-448E-835F-F8889471EEDE}.Debug|Any CPU.Build.0 = Debug|Any CPU
		{65505473-9792-448E-835F-F8889471EEDE}.Release|Any CPU.ActiveCfg = Release|Any CPU
		{65505473-9792-448E-835F-F8889471EEDE}.Release|Any CPU.Build.0 = Release|Any CPU
	EndGlobalSection
	GlobalSection(SolutionProperties) = preSolution
		HideSolutionNode = FALSE
	EndGlobalSection
	GlobalSection(ExtensibilityGlobals) = postSolution
		SolutionGuid = {BE15D1AE-30AD-4A2D-B67D-844748B8F76C}
	EndGlobalSection
EndGlobal
