
Microsoft Visual Studio Solution File, Format Version 12.00
Project("{FAE04EC0-301F-11D3-BF4B-00C04F79EFBC}") = "AdventOfCodeDay8", "AdventOfCodeDay8.csproj", "{5BBDB65F-F966-44D6-971D-02138E1409E5}"
EndProject
Project("{FAE04EC0-301F-11D3-BF4B-00C04F79EFBC}") = "AdventOfCodeDay8.Tests", "..\test\AdventOfCodeDay8.Tests\AdventOfCodeDay8.Tests.csproj", "{604A1FBF-A12D-474B-9CFF-D4704D9A841F}"
EndProject
Global
	GlobalSection(SolutionConfigurationPlatforms) = preSolution
		Debug|Any CPU = Debug|Any CPU
		Release|Any CPU = Release|Any CPU
	EndGlobalSection
	GlobalSection(ProjectConfigurationPlatforms) = postSolution
		{5BBDB65F-F966-44D6-971D-02138E1409E5}.Debug|Any CPU.ActiveCfg = Debug|Any CPU
		{5BBDB65F-F966-44D6-971D-02138E1409E5}.Debug|Any CPU.Build.0 = Debug|Any CPU
		{5BBDB65F-F966-44D6-971D-02138E1409E5}.Release|Any CPU.ActiveCfg = Release|Any CPU
		{5BBDB65F-F966-44D6-971D-02138E1409E5}.Release|Any CPU.Build.0 = Release|Any CPU
		{604A1FBF-A12D-474B-9CFF-D4704D9A841F}.Debug|Any CPU.ActiveCfg = Debug|Any CPU
		{604A1FBF-A12D-474B-9CFF-D4704D9A841F}.Debug|Any CPU.Build.0 = Debug|Any CPU
		{604A1FBF-A12D-474B-9CFF-D4704D9A841F}.Release|Any CPU.ActiveCfg = Release|Any CPU
		{604A1FBF-A12D-474B-9CFF-D4704D9A841F}.Release|Any CPU.Build.0 = Release|Any CPU
	EndGlobalSection
EndGlobal
