
Microsoft Visual Studio Solution File, Format Version 12.00
# Visual Studio Version 17
VisualStudioVersion = 17.0.31912.275
MinimumVisualStudioVersion = 10.0.40219.1
Project("{FAE04EC0-301F-11D3-BF4B-00C04F79EFBC}") = "AdventOfCode_Day1", "AdventOfCode_Day1\AdventOfCode_Day1.csproj", "{7E9CBCCD-6B21-430D-8232-1F349C79D017}"
EndProject
Global
	GlobalSection(SolutionConfigurationPlatforms) = preSolution
		Debug|Any CPU = Debug|Any CPU
		Release|Any CPU = Release|Any CPU
	EndGlobalSection
	GlobalSection(ProjectConfigurationPlatforms) = postSolution
		{7E9CBCCD-6B21-430D-8232-1F349C79D017}.Debug|Any CPU.ActiveCfg = Debug|Any CPU
		{7E9CBCCD-6B21-430D-8232-1F349C79D017}.Debug|Any CPU.Build.0 = Debug|Any CPU
		{7E9CBCCD-6B21-430D-8232-1F349C79D017}.Release|Any CPU.ActiveCfg = Release|Any CPU
		{7E9CBCCD-6B21-430D-8232-1F349C79D017}.Release|Any CPU.Build.0 = Release|Any CPU
	EndGlobalSection
	GlobalSection(SolutionProperties) = preSolution
		HideSolutionNode = FALSE
	EndGlobalSection
	GlobalSection(ExtensibilityGlobals) = postSolution
		SolutionGuid = {DC48FB68-AEEC-414F-AC5E-32D5FAF2B18C}
	EndGlobalSection
EndGlobal
